// !$*UTF8*$!
{
	archiveVersion = 1;
	classes = {
	};
	objectVersion = 46;
	objects = {

/* Begin PBXBuildFile section */
		0F24792D1C26D5EB0078A727 /* main.m in Sources */ = {isa = PBXBuildFile; fileRef = 0F24792C1C26D5EB0078A727 /* main.m */; };
		0F2479301C26D5EB0078A727 /* AppDelegate.m in Sources */ = {isa = PBXBuildFile; fileRef = 0F24792F1C26D5EB0078A727 /* AppDelegate.m */; };
		0F2479331C26D5EB0078A727 /* ViewController.mm in Sources */ = {isa = PBXBuildFile; fileRef = 0F2479321C26D5EB0078A727 /* ViewController.mm */; };
		0F2479361C26D5EB0078A727 /* Main.storyboard in Resources */ = {isa = PBXBuildFile; fileRef = 0F2479341C26D5EB0078A727 /* Main.storyboard */; };
		0F2479381C26D5EB0078A727 /* Assets.xcassets in Resources */ = {isa = PBXBuildFile; fileRef = 0F2479371C26D5EB0078A727 /* Assets.xcassets */; };
		0F4E1AFD1C27B6240003A3BF /* install.html in Resources */ = {isa = PBXBuildFile; fileRef = 0F4E1AFC1C27B6240003A3BF /* install.html */; };
		0F4E1AFF1C27B62C0003A3BF /* main.css in Resources */ = {isa = PBXBuildFile; fileRef = 0F4E1AFE1C27B62C0003A3BF /* main.css */; };
		0F4E1B011C27B6320003A3BF /* banner1024.png in Resources */ = {isa = PBXBuildFile; fileRef = 0F4E1B001C27B6320003A3BF /* banner1024.png */; };
		0F4E1B1B1C27C8870003A3BF /* packages in Resources */ = {isa = PBXBuildFile; fileRef = 0F4E1B1A1C27C8870003A3BF /* packages */; };
		0FA9015A1C29424100CD0A8D /* bin in Resources */ = {isa = PBXBuildFile; fileRef = 0FA901591C29424100CD0A8D /* bin */; };
/* End PBXBuildFile section */

/* Begin PBXFileReference section */
		0F2479281C26D5EB0078A727 /* tsinstaller.app */ = {isa = PBXFileReference; explicitFileType = wrapper.application; includeInIndex = 0; path = tsinstaller.app; sourceTree = BUILT_PRODUCTS_DIR; };
		0F24792C1C26D5EB0078A727 /* main.m */ = {isa = PBXFileReference; lastKnownFileType = sourcecode.c.objc; path = main.m; sourceTree = "<group>"; };
		0F24792E1C26D5EB0078A727 /* AppDelegate.h */ = {isa = PBXFileReference; lastKnownFileType = sourcecode.c.h; path = AppDelegate.h; sourceTree = "<group>"; };
		0F24792F1C26D5EB0078A727 /* AppDelegate.m */ = {isa = PBXFileReference; lastKnownFileType = sourcecode.c.objc; path = AppDelegate.m; sourceTree = "<group>"; };
		0F2479311C26D5EB0078A727 /* ViewController.h */ = {isa = PBXFileReference; lastKnownFileType = sourcecode.c.h; path = ViewController.h; sourceTree = "<group>"; };
		0F2479321C26D5EB0078A727 /* ViewController.mm */ = {isa = PBXFileReference; explicitFileType = sourcecode.cpp.objcpp; path = ViewController.mm; sourceTree = "<group>"; };
		0F2479351C26D5EB0078A727 /* Base */ = {isa = PBXFileReference; lastKnownFileType = file.storyboard; name = Base; path = Base.lproj/Main.storyboard; sourceTree = "<group>"; };
		0F2479371C26D5EB0078A727 /* Assets.xcassets */ = {isa = PBXFileReference; lastKnownFileType = folder.assetcatalog; path = Assets.xcassets; sourceTree = "<group>"; };
		0F24793C1C26D5EB0078A727 /* Info.plist */ = {isa = PBXFileReference; lastKnownFileType = text.plist.xml; path = Info.plist; sourceTree = "<group>"; };
		0F4E1AFC1C27B6240003A3BF /* install.html */ = {isa = PBXFileReference; fileEncoding = 4; lastKnownFileType = text.html; path = install.html; sourceTree = "<group>"; };
		0F4E1AFE1C27B62C0003A3BF /* main.css */ = {isa = PBXFileReference; fileEncoding = 4; lastKnownFileType = text.css; path = main.css; sourceTree = "<group>"; };
		0F4E1B001C27B6320003A3BF /* banner1024.png */ = {isa = PBXFileReference; lastKnownFileType = image.png; path = banner1024.png; sourceTree = "<group>"; };
		0F4E1B1A1C27C8870003A3BF /* packages */ = {isa = PBXFileReference; lastKnownFileType = folder; path = packages; sourceTree = "<group>"; };
		0FA901591C29424100CD0A8D /* bin */ = {isa = PBXFileReference; lastKnownFileType = folder; path = bin; sourceTree = "<group>"; };
/* End PBXFileReference section */

/* Begin PBXFrameworksBuildPhase section */
		0F2479251C26D5EB0078A727 /* Frameworks */ = {
			isa = PBXFrameworksBuildPhase;
			buildActionMask = 2147483647;
			files = (
			);
			runOnlyForDeploymentPostprocessing = 0;
		};
/* End PBXFrameworksBuildPhase section */

/* Begin PBXGroup section */
		0F24791F1C26D5EB0078A727 = {
			isa = PBXGroup;
			children = (
				0F24792A1C26D5EB0078A727 /* tsinstaller */,
				0F2479291C26D5EB0078A727 /* Products */,
			);
			sourceTree = "<group>";
		};
		0F2479291C26D5EB0078A727 /* Products */ = {
			isa = PBXGroup;
			children = (
				0F2479281C26D5EB0078A727 /* tsinstaller.app */,
			);
			name = Products;
			sourceTree = "<group>";
		};
		0F24792A1C26D5EB0078A727 /* tsinstaller */ = {
			isa = PBXGroup;
			children = (
				0F24792E1C26D5EB0078A727 /* AppDelegate.h */,
				0F24792F1C26D5EB0078A727 /* AppDelegate.m */,
				0F2479311C26D5EB0078A727 /* ViewController.h */,
				0F2479321C26D5EB0078A727 /* ViewController.mm */,
				0F2479341C26D5EB0078A727 /* Main.storyboard */,
				0F2479371C26D5EB0078A727 /* Assets.xcassets */,
				0F24793C1C26D5EB0078A727 /* Info.plist */,
				0F24792B1C26D5EB0078A727 /* Supporting Files */,
			);
			path = tsinstaller;
			sourceTree = "<group>";
		};
		0F24792B1C26D5EB0078A727 /* Supporting Files */ = {
			isa = PBXGroup;
			children = (
				0FA901591C29424100CD0A8D /* bin */,
				0F4E1B1A1C27C8870003A3BF /* packages */,
				0F4E1AFC1C27B6240003A3BF /* install.html */,
				0F4E1AFE1C27B62C0003A3BF /* main.css */,
				0F4E1B001C27B6320003A3BF /* banner1024.png */,
				0F24792C1C26D5EB0078A727 /* main.m */,
			);
			name = "Supporting Files";
			sourceTree = "<group>";
		};
/* End PBXGroup section */

/* Begin PBXNativeTarget section */
		0F2479271C26D5EB0078A727 /* tsinstaller */ = {
			isa = PBXNativeTarget;
			buildConfigurationList = 0F24793F1C26D5EB0078A727 /* Build configuration list for PBXNativeTarget "tsinstaller" */;
			buildPhases = (
				0F2479241C26D5EB0078A727 /* Sources */,
				0F2479251C26D5EB0078A727 /* Frameworks */,
				0F2479261C26D5EB0078A727 /* Resources */,
			);
			buildRules = (
			);
			dependencies = (
			);
			name = tsinstaller;
			productName = tsinstaller;
			productReference = 0F2479281C26D5EB0078A727 /* tsinstaller.app */;
			productType = "com.apple.product-type.application";
		};
/* End PBXNativeTarget section */

/* Begin PBXProject section */
		0F2479201C26D5EB0078A727 /* Project object */ = {
			isa = PBXProject;
			attributes = {
				LastUpgradeCheck = 0720;
				ORGANIZATIONNAME = Zheng;
				TargetAttributes = {
					0F2479271C26D5EB0078A727 = {
						CreatedOnToolsVersion = 7.2;
						DevelopmentTeam = GXZ23M5TP2;
					};
				};
			};
			buildConfigurationList = 0F2479231C26D5EB0078A727 /* Build configuration list for PBXProject "tsinstaller" */;
			compatibilityVersion = "Xcode 3.2";
			developmentRegion = English;
			hasScannedForEncodings = 0;
			knownRegions = (
				en,
				Base,
			);
			mainGroup = 0F24791F1C26D5EB0078A727;
			productRefGroup = 0F2479291C26D5EB0078A727 /* Products */;
			projectDirPath = "";
			projectRoot = "";
			targets = (
				0F2479271C26D5EB0078A727 /* tsinstaller */,
			);
		};
/* End PBXProject section */

/* Begin PBXResourcesBuildPhase section */
		0F2479261C26D5EB0078A727 /* Resources */ = {
			isa = PBXResourcesBuildPhase;
			buildActionMask = 2147483647;
			files = (
				0F4E1AFF1C27B62C0003A3BF /* main.css in Resources */,
				0F2479381C26D5EB0078A727 /* Assets.xcassets in Resources */,
				0F4E1B1B1C27C8870003A3BF /* packages in Resources */,
				0F4E1AFD1C27B6240003A3BF /* install.html in Resources */,
				0FA9015A1C29424100CD0A8D /* bin in Resources */,
				0F4E1B011C27B6320003A3BF /* banner1024.png in Resources */,
				0F2479361C26D5EB0078A727 /* Main.storyboard in Resources */,
			);
			runOnlyForDeploymentPostprocessing = 0;
		};
/* End PBXResourcesBuildPhase section */

/* Begin PBXSourcesBuildPhase section */
		0F2479241C26D5EB0078A727 /* Sources */ = {
			isa = PBXSourcesBuildPhase;
			buildActionMask = 2147483647;
			files = (
				0F2479331C26D5EB0078A727 /* ViewController.mm in Sources */,
				0F2479301C26D5EB0078A727 /* AppDelegate.m in Sources */,
				0F24792D1C26D5EB0078A727 /* main.m in Sources */,
			);
			runOnlyForDeploymentPostprocessing = 0;
		};
/* End PBXSourcesBuildPhase section */

/* Begin PBXVariantGroup section */
		0F2479341C26D5EB0078A727 /* Main.storyboard */ = {
			isa = PBXVariantGroup;
			children = (
				0F2479351C26D5EB0078A727 /* Base */,
			);
			name = Main.storyboard;
			sourceTree = "<group>";
		};
/* End PBXVariantGroup section */

/* Begin XCBuildConfiguration section */
		0F24793D1C26D5EB0078A727 /* Debug */ = {
			isa = XCBuildConfiguration;
			buildSettings = {
				ALWAYS_SEARCH_USER_PATHS = NO;
				CLANG_CXX_LANGUAGE_STANDARD = "gnu++0x";
				CLANG_CXX_LIBRARY = "libc++";
				CLANG_ENABLE_MODULES = YES;
				CLANG_ENABLE_OBJC_ARC = YES;
				CLANG_WARN_BOOL_CONVERSION = YES;
				CLANG_WARN_CONSTANT_CONVERSION = YES;
				CLANG_WARN_DIRECT_OBJC_ISA_USAGE = YES_ERROR;
				CLANG_WARN_EMPTY_BODY = YES;
				CLANG_WARN_ENUM_CONVERSION = YES;
				CLANG_WARN_INT_CONVERSION = YES;
				CLANG_WARN_OBJC_ROOT_CLASS = YES_ERROR;
				CLANG_WARN_UNREACHABLE_CODE = YES;
				CLANG_WARN__DUPLICATE_METHOD_MATCH = YES;
				CODE_SIGN_IDENTITY = "iPhone Developer: Zheng Wu (253D9QR4TP)";
				"CODE_SIGN_IDENTITY[sdk=iphoneos*]" = "iPhone Developer: Zheng Wu (253D9QR4TP)";
				COPY_PHASE_STRIP = NO;
				DEBUG_INFORMATION_FORMAT = dwarf;
				ENABLE_STRICT_OBJC_MSGSEND = YES;
				ENABLE_TESTABILITY = YES;
				GCC_C_LANGUAGE_STANDARD = gnu99;
				GCC_DYNAMIC_NO_PIC = NO;
				GCC_NO_COMMON_BLOCKS = YES;
				GCC_OPTIMIZATION_LEVEL = 0;
				GCC_PREPROCESSOR_DEFINITIONS = (
					"DEBUG=1",
					"$(inherited)",
				);
				GCC_WARN_64_TO_32_BIT_CONVERSION = YES;
				GCC_WARN_ABOUT_RETURN_TYPE = YES_ERROR;
				GCC_WARN_UNDECLARED_SELECTOR = YES;
				GCC_WARN_UNINITIALIZED_AUTOS = YES_AGGRESSIVE;
				GCC_WARN_UNUSED_FUNCTION = YES;
				GCC_WARN_UNUSED_VARIABLE = YES;
				IPHONEOS_DEPLOYMENT_TARGET = 7.0;
				MTL_ENABLE_DEBUG_INFO = YES;
				ONLY_ACTIVE_ARCH = YES;
				SDKROOT = iphoneos;
			};
			name = Debug;
		};
		0F24793E1C26D5EB0078A727 /* Release */ = {
			isa = XCBuildConfiguration;
			buildSettings = {
				ALWAYS_SEARCH_USER_PATHS = NO;
				CLANG_CXX_LANGUAGE_STANDARD = "gnu++0x";
				CLANG_CXX_LIBRARY = "libc++";
				CLANG_ENABLE_MODULES = YES;
				CLANG_ENABLE_OBJC_ARC = YES;
				CLANG_WARN_BOOL_CONVERSION = YES;
				CLANG_WARN_CONSTANT_CONVERSION = YES;
				CLANG_WARN_DIRECT_OBJC_ISA_USAGE = YES_ERROR;
				CLANG_WARN_EMPTY_BODY = YES;
				CLANG_WARN_ENUM_CONVERSION = YES;
				CLANG_WARN_INT_CONVERSION = YES;
				CLANG_WARN_OBJC_ROOT_CLASS = YES_ERROR;
				CLANG_WARN_UNREACHABLE_CODE = YES;
				CLANG_WARN__DUPLICATE_METHOD_MATCH = YES;
				CODE_SIGN_IDENTITY = "iPhone Developer: Zheng Wu (253D9QR4TP)";
				"CODE_SIGN_IDENTITY[sdk=iphoneos*]" = "iPhone Developer: Zheng Wu (253D9QR4TP)";
				COPY_PHASE_STRIP = NO;
				DEBUG_INFORMATION_FORMAT = "dwarf-with-dsym";
				ENABLE_NS_ASSERTIONS = NO;
				ENABLE_STRICT_OBJC_MSGSEND = YES;
				GCC_C_LANGUAGE_STANDARD = gnu99;
				GCC_NO_COMMON_BLOCKS = YES;
				GCC_WARN_64_TO_32_BIT_CONVERSION = YES;
				GCC_WARN_ABOUT_RETURN_TYPE = YES_ERROR;
				GCC_WARN_UNDECLARED_SELECTOR = YES;
				GCC_WARN_UNINITIALIZED_AUTOS = YES_AGGRESSIVE;
				GCC_WARN_UNUSED_FUNCTION = YES;
				GCC_WARN_UNUSED_VARIABLE = YES;
				IPHONEOS_DEPLOYMENT_TARGET = 7.0;
				MTL_ENABLE_DEBUG_INFO = NO;
				SDKROOT = iphoneos;
				VALIDATE_PRODUCT = YES;
			};
			name = Release;
		};
		0F2479401C26D5EB0078A727 /* Debug */ = {
			isa = XCBuildConfiguration;
			buildSettings = {
				ASSETCATALOG_COMPILER_APPICON_NAME = AppIcon;
				ASSETCATALOG_COMPILER_LAUNCHIMAGE_NAME = LaunchImage;
				CODE_SIGN_IDENTITY = "iPhone Developer";
				"CODE_SIGN_IDENTITY[sdk=iphoneos*]" = "iPhone Developer";
				INFOPLIST_FILE = tsinstaller/Info.plist;
				IPHONEOS_DEPLOYMENT_TARGET = 7.0;
				LD_RUNPATH_SEARCH_PATHS = "$(inherited) @executable_path/Frameworks";
				LIBRARY_SEARCH_PATHS = (
					"$(inherited)",
					"$(PROJECT_DIR)/tsinstaller",
				);
				PRODUCT_BUNDLE_IDENTIFIER = com.darwindev.tsinstaller;
				PRODUCT_NAME = "$(TARGET_NAME)";
				PROVISIONING_PROFILE = "";
				TARGETED_DEVICE_FAMILY = 1;
			};
			name = Debug;
		};
		0F2479411C26D5EB0078A727 /* Release */ = {
			isa = XCBuildConfiguration;
			buildSettings = {
				ASSETCATALOG_COMPILER_APPICON_NAME = AppIcon;
				ASSETCATALOG_COMPILER_LAUNCHIMAGE_NAME = LaunchImage;
				CODE_SIGN_IDENTITY = "iPhone Developer";
				"CODE_SIGN_IDENTITY[sdk=iphoneos*]" = "iPhone Developer";
				INFOPLIST_FILE = tsinstaller/Info.plist;
				IPHONEOS_DEPLOYMENT_TARGET = 7.0;
				LD_RUNPATH_SEARCH_PATHS = "$(inherited) @executable_path/Frameworks";
				LIBRARY_SEARCH_PATHS = (
					"$(inherited)",
					"$(PROJECT_DIR)/tsinstaller",
				);
				PRODUCT_BUNDLE_IDENTIFIER = com.darwindev.tsinstaller;
				PRODUCT_NAME = "$(TARGET_NAME)";
				PROVISIONING_PROFILE = "";
				TARGETED_DEVICE_FAMILY = 1;
			};
			name = Release;
		};
/* End XCBuildConfiguration section */

/* Begin XCConfigurationList section */
		0F2479231C26D5EB0078A727 /* Build configuration list for PBXProject "tsinstaller" */ = {
			isa = XCConfigurationList;
			buildConfigurations = (
				0F24793D1C26D5EB0078A727 /* Debug */,
				0F24793E1C26D5EB0078A727 /* Release */,
			);
			defaultConfigurationIsVisible = 0;
			defaultConfigurationName = Release;
		};
		0F24793F1C26D5EB0078A727 /* Build configuration list for PBXNativeTarget "tsinstaller" */ = {
			isa = XCConfigurationList;
			buildConfigurations = (
				0F2479401C26D5EB0078A727 /* Debug */,
				0F2479411C26D5EB0078A727 /* Release */,
			);
			defaultConfigurationIsVisible = 0;
			defaultConfigurationName = Release;
		};
/* End XCConfigurationList section */
	};
	rootObject = 0F2479201C26D5EB0078A727 /* Project object */;
}
